
Microsoft Visual Studio Solution File, Format Version 12.00
# Visual Studio 15
VisualStudioVersion = 15.0.27004.2002
MinimumVisualStudioVersion = 10.0.40219.1
Project("{FAE04EC0-301F-11D3-BF4B-00C04F79EFBC}") = "EncryptFile", "EncryptFile\EncryptFile.csproj", "{D26AF680-E8E2-4AC8-A8B7-1688E5C81786}"
EndProject
Project("{FAE04EC0-301F-11D3-BF4B-00C04F79EFBC}") = "Encrypt Library", "Encrypt Library\Encrypt Library.csproj", "{7D723524-AE4C-4AE2-8185-E40330F3F052}"
EndProject
Global
	GlobalSection(SolutionConfigurationPlatforms) = preSolution
		Debug|Any CPU = Debug|Any CPU
		Release|Any CPU = Release|Any CPU
	EndGlobalSection
	GlobalSection(ProjectConfigurationPlatforms) = postSolution
		{D26AF680-E8E2-4AC8-A8B7-1688E5C81786}.Debug|Any CPU.ActiveCfg = Debug|Any CPU
		{D26AF680-E8E2-4AC8-A8B7-1688E5C81786}.Debug|Any CPU.Build.0 = Debug|Any CPU
		{D26AF680-E8E2-4AC8-A8B7-1688E5C81786}.Release|Any CPU.ActiveCfg = Release|Any CPU
		{D26AF680-E8E2-4AC8-A8B7-1688E5C81786}.Release|Any CPU.Build.0 = Release|Any CPU
		{7D723524-AE4C-4AE2-8185-E40330F3F052}.Debug|Any CPU.ActiveCfg = Debug|Any CPU
		{7D723524-AE4C-4AE2-8185-E40330F3F052}.Debug|Any CPU.Build.0 = Debug|Any CPU
		{7D723524-AE4C-4AE2-8185-E40330F3F052}.Release|Any CPU.ActiveCfg = Release|Any CPU
		{7D723524-AE4C-4AE2-8185-E40330F3F052}.Release|Any CPU.Build.0 = Release|Any CPU
	EndGlobalSection
	GlobalSection(SolutionProperties) = preSolution
		HideSolutionNode = FALSE
	EndGlobalSection
	GlobalSection(ExtensibilityGlobals) = postSolution
		SolutionGuid = {E7FBD461-06C8-4F63-8FC9-B604E6C66161}
	EndGlobalSection
EndGlobal
